// !$*UTF8*$!
{
	archiveVersion = 1;
	classes = {
	};
	objectVersion = 46;
	objects = {

/* Begin PBXGroup section */
		8E6831E41B20018B00A66408 = {
			isa = PBXGroup;
			children = (
			);
			sourceTree = "<group>";
		};
/* End PBXGroup section */

/* Begin PBXProject section */
		8E6831E51B20018C00A66408 /* Project object */ = {
			isa = PBXProject;
			attributes = {
				LastUpgradeCheck = 0630;
			};
			buildConfigurationList = 8E6831E81B20018C00A66408 /* Build configuration list for PBXProject "PUReIBM_PS3D_XCODE" */;
			compatibilityVersion = "Xcode 3.2";
			developmentRegion = English;
			hasScannedForEncodings = 0;
			knownRegions = (
				en,
			);
			mainGroup = 8E6831E41B20018B00A66408;
			projectDirPath = "";
			projectRoot = "";
			targets = (
			);
		};
/* End PBXProject section */

/* Begin XCBuildConfiguration section */
		8E6831E91B20018D00A66408 /* Debug */ = {
			isa = XCBuildConfiguration;
			buildSettings = {
			};
			name = Debug;
		};
		8E6831EA1B20018D00A66408 /* Release */ = {
			isa = XCBuildConfiguration;
			buildSettings = {
			};
			name = Release;
		};
/* End XCBuildConfiguration section */

/* Begin XCConfigurationList section */
		8E6831E81B20018C00A66408 /* Build configuration list for PBXProject "PUReIBM_PS3D_XCODE" */ = {
			isa = XCConfigurationList;
			buildConfigurations = (
				8E6831E91B20018D00A66408 /* Debug */,
				8E6831EA1B20018D00A66408 /* Release */,
			);
			defaultConfigurationIsVisible = 0;
			defaultConfigurationName = Release;
		};
/* End XCConfigurationList section */
	};
	rootObject = 8E6831E51B20018C00A66408 /* Project object */;
}
